
Microsoft Visual Studio Solution File, Format Version 12.00
# Visual Studio Version 17
VisualStudioVersion = 17.12.35527.113
MinimumVisualStudioVersion = 10.0.40219.1
Project("{FAE04EC0-301F-11D3-BF4B-00C04F79EFBC}") = "OurFuss.Web", "OurFuss.Web.csproj", "{AB235A9E-FECC-4B8B-A2F4-138AC7029278}"
EndProject
Project("{2150E333-8FDC-42A3-9474-1A3956D46DE8}") = "utils", "utils", "{FC5C04C2-B9E0-462C-B0BE-DEE699FD9E80}"
EndProject
Project("{FAE04EC0-301F-11D3-BF4B-00C04F79EFBC}") = "OurFuss.TelegramBot", "..\..\utils\OurFuss.TelegramBot\OurFuss.TelegramBot.csproj", "{E370521C-F009-4725-B147-BD9CA8309499}"
EndProject
Project("{2150E333-8FDC-42A3-9474-1A3956D46DE8}") = "libs", "libs", "{B6FF65A5-3FEE-49C6-B5B0-ECE7BDBB66BA}"
EndProject
Project("{FAE04EC0-301F-11D3-BF4B-00C04F79EFBC}") = "OurFuss.Data.Postgre", "..\..\libs\OurFuss.Data.Postgre\OurFuss.Data.Postgre.csproj", "{15B1FA48-D856-4894-8EB7-8D5939A84A06}"
EndProject
Project("{FAE04EC0-301F-11D3-BF4B-00C04F79EFBC}") = "OurFuss.Core", "..\..\libs\OurFuss.Core\OurFuss.Core.csproj", "{5E047F17-83B9-4D85-B900-DAE6F7CAB525}"
EndProject
Project("{FAE04EC0-301F-11D3-BF4B-00C04F79EFBC}") = "OurFuss.Background", "..\..\libs\OurFuss.Background\OurFuss.Background.csproj", "{261D646C-E10C-42AB-A9EB-96BD0147621D}"
EndProject
Global
	GlobalSection(SolutionConfigurationPlatforms) = preSolution
		Debug|Any CPU = Debug|Any CPU
		Release|Any CPU = Release|Any CPU
	EndGlobalSection
	GlobalSection(ProjectConfigurationPlatforms) = postSolution
		{AB235A9E-FECC-4B8B-A2F4-138AC7029278}.Debug|Any CPU.ActiveCfg = Debug|Any CPU
		{AB235A9E-FECC-4B8B-A2F4-138AC7029278}.Debug|Any CPU.Build.0 = Debug|Any CPU
		{AB235A9E-FECC-4B8B-A2F4-138AC7029278}.Release|Any CPU.ActiveCfg = Release|Any CPU
		{AB235A9E-FECC-4B8B-A2F4-138AC7029278}.Release|Any CPU.Build.0 = Release|Any CPU
		{E370521C-F009-4725-B147-BD9CA8309499}.Debug|Any CPU.ActiveCfg = Debug|Any CPU
		{E370521C-F009-4725-B147-BD9CA8309499}.Debug|Any CPU.Build.0 = Debug|Any CPU
		{E370521C-F009-4725-B147-BD9CA8309499}.Release|Any CPU.ActiveCfg = Release|Any CPU
		{E370521C-F009-4725-B147-BD9CA8309499}.Release|Any CPU.Build.0 = Release|Any CPU
		{15B1FA48-D856-4894-8EB7-8D5939A84A06}.Debug|Any CPU.ActiveCfg = Debug|Any CPU
		{15B1FA48-D856-4894-8EB7-8D5939A84A06}.Debug|Any CPU.Build.0 = Debug|Any CPU
		{15B1FA48-D856-4894-8EB7-8D5939A84A06}.Release|Any CPU.ActiveCfg = Release|Any CPU
		{15B1FA48-D856-4894-8EB7-8D5939A84A06}.Release|Any CPU.Build.0 = Release|Any CPU
		{5E047F17-83B9-4D85-B900-DAE6F7CAB525}.Debug|Any CPU.ActiveCfg = Debug|Any CPU
		{5E047F17-83B9-4D85-B900-DAE6F7CAB525}.Debug|Any CPU.Build.0 = Debug|Any CPU
		{5E047F17-83B9-4D85-B900-DAE6F7CAB525}.Release|Any CPU.ActiveCfg = Release|Any CPU
		{5E047F17-83B9-4D85-B900-DAE6F7CAB525}.Release|Any CPU.Build.0 = Release|Any CPU
		{261D646C-E10C-42AB-A9EB-96BD0147621D}.Debug|Any CPU.ActiveCfg = Debug|Any CPU
		{261D646C-E10C-42AB-A9EB-96BD0147621D}.Debug|Any CPU.Build.0 = Debug|Any CPU
		{261D646C-E10C-42AB-A9EB-96BD0147621D}.Release|Any CPU.ActiveCfg = Release|Any CPU
		{261D646C-E10C-42AB-A9EB-96BD0147621D}.Release|Any CPU.Build.0 = Release|Any CPU
	EndGlobalSection
	GlobalSection(SolutionProperties) = preSolution
		HideSolutionNode = FALSE
	EndGlobalSection
	GlobalSection(NestedProjects) = preSolution
		{E370521C-F009-4725-B147-BD9CA8309499} = {FC5C04C2-B9E0-462C-B0BE-DEE699FD9E80}
		{15B1FA48-D856-4894-8EB7-8D5939A84A06} = {B6FF65A5-3FEE-49C6-B5B0-ECE7BDBB66BA}
		{5E047F17-83B9-4D85-B900-DAE6F7CAB525} = {B6FF65A5-3FEE-49C6-B5B0-ECE7BDBB66BA}
		{261D646C-E10C-42AB-A9EB-96BD0147621D} = {FC5C04C2-B9E0-462C-B0BE-DEE699FD9E80}
	EndGlobalSection
EndGlobal
